// !$*UTF8*$!
{
	archiveVersion = 1;
	classes = {
	};
	objectVersion = 51;
	objects = {

/* Begin PBXBuildFile section */
		760EA3CE2494881000047710 /* EmployeeDetailsViewController.swift in Sources */ = {isa = PBXBuildFile; fileRef = 760EA3CD2494881000047710 /* EmployeeDetailsViewController.swift */; };
		760EA3D02494892400047710 /* NewIdCardViewController.swift in Sources */ = {isa = PBXBuildFile; fileRef = 760EA3CF2494892400047710 /* NewIdCardViewController.swift */; };
		76150E852495182300087F9E /* EmployeeList.swift in Sources */ = {isa = PBXBuildFile; fileRef = 76150E842495182300087F9E /* EmployeeList.swift */; };
		7617C7282495EAF5009E8D59 /* SecurityCertificateManager.swift in Sources */ = {isa = PBXBuildFile; fileRef = 7617C7272495EAF4009E8D59 /* SecurityCertificateManager.swift */; };
		7617C72A2495FDD9009E8D59 /* EmployeeListModal.swift in Sources */ = {isa = PBXBuildFile; fileRef = 7617C7292495FDD9009E8D59 /* EmployeeListModal.swift */; };
		761AB1232493A86500AAE105 /* AppDelegate.swift in Sources */ = {isa = PBXBuildFile; fileRef = 761AB1222493A86500AAE105 /* AppDelegate.swift */; };
		761AB1252493A86500AAE105 /* SceneDelegate.swift in Sources */ = {isa = PBXBuildFile; fileRef = 761AB1242493A86500AAE105 /* SceneDelegate.swift */; };
		761AB12A2493A86500AAE105 /* Main.storyboard in Resources */ = {isa = PBXBuildFile; fileRef = 761AB1282493A86500AAE105 /* Main.storyboard */; };
		761AB12C2493A86A00AAE105 /* Assets.xcassets in Resources */ = {isa = PBXBuildFile; fileRef = 761AB12B2493A86A00AAE105 /* Assets.xcassets */; };
		761AB12F2493A86A00AAE105 /* LaunchScreen.storyboard in Resources */ = {isa = PBXBuildFile; fileRef = 761AB12D2493A86A00AAE105 /* LaunchScreen.storyboard */; };
		761AB1372493AE9800AAE105 /* CardView.swift in Sources */ = {isa = PBXBuildFile; fileRef = 761AB1362493AE9800AAE105 /* CardView.swift */; };
		761AB1392493BA9600AAE105 /* CornerRadiusView.swift in Sources */ = {isa = PBXBuildFile; fileRef = 761AB1382493BA9600AAE105 /* CornerRadiusView.swift */; };
		76874BD324950CE2001A3411 /* EmployeeDatabase.swift in Sources */ = {isa = PBXBuildFile; fileRef = 76874BD224950CE2001A3411 /* EmployeeDatabase.swift */; };
		76EC1AEC2493DC3E0078BA57 /* NewEmployeeViewController.swift in Sources */ = {isa = PBXBuildFile; fileRef = 76EC1AEB2493DC3E0078BA57 /* NewEmployeeViewController.swift */; };
		76EC1AEE2493E0F60078BA57 /* HomeViewController.swift in Sources */ = {isa = PBXBuildFile; fileRef = 76EC1AED2493E0F60078BA57 /* HomeViewController.swift */; };
		76EC1AF32493E97E0078BA57 /* EmployeeDetailListTableViewCell.swift in Sources */ = {isa = PBXBuildFile; fileRef = 76EC1AF12493E97E0078BA57 /* EmployeeDetailListTableViewCell.swift */; };
		76EC1AF42493E97E0078BA57 /* EmployeeDetailListTableViewCell.xib in Resources */ = {isa = PBXBuildFile; fileRef = 76EC1AF22493E97E0078BA57 /* EmployeeDetailListTableViewCell.xib */; };
		76EC1AF62493ED910078BA57 /* EmployeeDetailListViewController.swift in Sources */ = {isa = PBXBuildFile; fileRef = 76EC1AF52493ED910078BA57 /* EmployeeDetailListViewController.swift */; };
		A68463B27B5BCCF1B183EBEC /* libPods-EmployeeList.a in Frameworks */ = {isa = PBXBuildFile; fileRef = C9BE59290F664DABD6AC6A3D /* libPods-EmployeeList.a */; };
/* End PBXBuildFile section */

/* Begin PBXFileReference section */
		2E05692547E1B337B0FB6292 /* Pods-EmployeeList.debug.xcconfig */ = {isa = PBXFileReference; includeInIndex = 1; lastKnownFileType = text.xcconfig; name = "Pods-EmployeeList.debug.xcconfig"; path = "Target Support Files/Pods-EmployeeList/Pods-EmployeeList.debug.xcconfig"; sourceTree = "<group>"; };
		760EA3CD2494881000047710 /* EmployeeDetailsViewController.swift */ = {isa = PBXFileReference; lastKnownFileType = sourcecode.swift; path = EmployeeDetailsViewController.swift; sourceTree = "<group>"; };
		760EA3CF2494892400047710 /* NewIdCardViewController.swift */ = {isa = PBXFileReference; lastKnownFileType = sourcecode.swift; path = NewIdCardViewController.swift; sourceTree = "<group>"; };
		76150E842495182300087F9E /* EmployeeList.swift */ = {isa = PBXFileReference; lastKnownFileType = sourcecode.swift; path = EmployeeList.swift; sourceTree = "<group>"; };
		7617C7272495EAF4009E8D59 /* SecurityCertificateManager.swift */ = {isa = PBXFileReference; fileEncoding = 4; lastKnownFileType = sourcecode.swift; path = SecurityCertificateManager.swift; sourceTree = "<group>"; };
		7617C7292495FDD9009E8D59 /* EmployeeListModal.swift */ = {isa = PBXFileReference; lastKnownFileType = sourcecode.swift; path = EmployeeListModal.swift; sourceTree = "<group>"; };
		761AB11F2493A86500AAE105 /* EmployeeList.app */ = {isa = PBXFileReference; explicitFileType = wrapper.application; includeInIndex = 0; path = EmployeeList.app; sourceTree = BUILT_PRODUCTS_DIR; };
		761AB1222493A86500AAE105 /* AppDelegate.swift */ = {isa = PBXFileReference; lastKnownFileType = sourcecode.swift; path = AppDelegate.swift; sourceTree = "<group>"; };
		761AB1242493A86500AAE105 /* SceneDelegate.swift */ = {isa = PBXFileReference; lastKnownFileType = sourcecode.swift; path = SceneDelegate.swift; sourceTree = "<group>"; };
		761AB1292493A86500AAE105 /* Base */ = {isa = PBXFileReference; lastKnownFileType = file.storyboard; name = Base; path = Base.lproj/Main.storyboard; sourceTree = "<group>"; };
		761AB12B2493A86A00AAE105 /* Assets.xcassets */ = {isa = PBXFileReference; lastKnownFileType = folder.assetcatalog; path = Assets.xcassets; sourceTree = "<group>"; };
		761AB12E2493A86A00AAE105 /* Base */ = {isa = PBXFileReference; lastKnownFileType = file.storyboard; name = Base; path = Base.lproj/LaunchScreen.storyboard; sourceTree = "<group>"; };
		761AB1302493A86A00AAE105 /* Info.plist */ = {isa = PBXFileReference; lastKnownFileType = text.plist.xml; path = Info.plist; sourceTree = "<group>"; };
		761AB1362493AE9800AAE105 /* CardView.swift */ = {isa = PBXFileReference; lastKnownFileType = sourcecode.swift; path = CardView.swift; sourceTree = "<group>"; };
		761AB1382493BA9600AAE105 /* CornerRadiusView.swift */ = {isa = PBXFileReference; lastKnownFileType = sourcecode.swift; path = CornerRadiusView.swift; sourceTree = "<group>"; };
		76874BD224950CE2001A3411 /* EmployeeDatabase.swift */ = {isa = PBXFileReference; lastKnownFileType = sourcecode.swift; path = EmployeeDatabase.swift; sourceTree = "<group>"; };
		76EC1AEB2493DC3E0078BA57 /* NewEmployeeViewController.swift */ = {isa = PBXFileReference; lastKnownFileType = sourcecode.swift; path = NewEmployeeViewController.swift; sourceTree = "<group>"; };
		76EC1AED2493E0F60078BA57 /* HomeViewController.swift */ = {isa = PBXFileReference; lastKnownFileType = sourcecode.swift; path = HomeViewController.swift; sourceTree = "<group>"; };
		76EC1AF12493E97E0078BA57 /* EmployeeDetailListTableViewCell.swift */ = {isa = PBXFileReference; lastKnownFileType = sourcecode.swift; path = EmployeeDetailListTableViewCell.swift; sourceTree = "<group>"; };
		76EC1AF22493E97E0078BA57 /* EmployeeDetailListTableViewCell.xib */ = {isa = PBXFileReference; lastKnownFileType = file.xib; path = EmployeeDetailListTableViewCell.xib; sourceTree = "<group>"; };
		76EC1AF52493ED910078BA57 /* EmployeeDetailListViewController.swift */ = {isa = PBXFileReference; lastKnownFileType = sourcecode.swift; path = EmployeeDetailListViewController.swift; sourceTree = "<group>"; };
		95005D5C36B7D48609FD25F3 /* Pods-EmployeeList.release.xcconfig */ = {isa = PBXFileReference; includeInIndex = 1; lastKnownFileType = text.xcconfig; name = "Pods-EmployeeList.release.xcconfig"; path = "Target Support Files/Pods-EmployeeList/Pods-EmployeeList.release.xcconfig"; sourceTree = "<group>"; };
		C9BE59290F664DABD6AC6A3D /* libPods-EmployeeList.a */ = {isa = PBXFileReference; explicitFileType = archive.ar; includeInIndex = 0; path = "libPods-EmployeeList.a"; sourceTree = BUILT_PRODUCTS_DIR; };
/* End PBXFileReference section */

/* Begin PBXFrameworksBuildPhase section */
		761AB11C2493A86500AAE105 /* Frameworks */ = {
			isa = PBXFrameworksBuildPhase;
			buildActionMask = 2147483647;
			files = (
				A68463B27B5BCCF1B183EBEC /* libPods-EmployeeList.a in Frameworks */,
			);
			runOnlyForDeploymentPostprocessing = 0;
		};
/* End PBXFrameworksBuildPhase section */

/* Begin PBXGroup section */
		3124A31C530AEC5CCD5178E4 /* Pods */ = {
			isa = PBXGroup;
			children = (
				2E05692547E1B337B0FB6292 /* Pods-EmployeeList.debug.xcconfig */,
				95005D5C36B7D48609FD25F3 /* Pods-EmployeeList.release.xcconfig */,
			);
			path = Pods;
			sourceTree = "<group>";
		};
		4BD8784A82722255A6E1EE56 /* Frameworks */ = {
			isa = PBXGroup;
			children = (
				C9BE59290F664DABD6AC6A3D /* libPods-EmployeeList.a */,
			);
			name = Frameworks;
			sourceTree = "<group>";
		};
		761AB1162493A86500AAE105 = {
			isa = PBXGroup;
			children = (
				761AB1212493A86500AAE105 /* EmployeeList */,
				761AB1202493A86500AAE105 /* Products */,
				3124A31C530AEC5CCD5178E4 /* Pods */,
				4BD8784A82722255A6E1EE56 /* Frameworks */,
			);
			sourceTree = "<group>";
		};
		761AB1202493A86500AAE105 /* Products */ = {
			isa = PBXGroup;
			children = (
				761AB11F2493A86500AAE105 /* EmployeeList.app */,
			);
			name = Products;
			sourceTree = "<group>";
		};
		761AB1212493A86500AAE105 /* EmployeeList */ = {
			isa = PBXGroup;
			children = (
				761AB1222493A86500AAE105 /* AppDelegate.swift */,
				761AB1242493A86500AAE105 /* SceneDelegate.swift */,
				76874BCC24950C1D001A3411 /* HOME */,
				76874BCD24950C27001A3411 /* CREATE NEW */,
				76874BCE24950C38001A3411 /* EMPLOYEE LIST */,
				76EC1AF22493E97E0078BA57 /* EmployeeDetailListTableViewCell.xib */,
				76874BD124950CB2001A3411 /* DATABASE */,
				761AB1362493AE9800AAE105 /* CardView.swift */,
				761AB1382493BA9600AAE105 /* CornerRadiusView.swift */,
				761AB1282493A86500AAE105 /* Main.storyboard */,
				761AB12B2493A86A00AAE105 /* Assets.xcassets */,
				761AB12D2493A86A00AAE105 /* LaunchScreen.storyboard */,
				761AB1302493A86A00AAE105 /* Info.plist */,
			);
			path = EmployeeList;
			sourceTree = "<group>";
		};
		76874BCC24950C1D001A3411 /* HOME */ = {
			isa = PBXGroup;
			children = (
				76EC1AED2493E0F60078BA57 /* HomeViewController.swift */,
			);
			path = HOME;
			sourceTree = "<group>";
		};
		76874BCD24950C27001A3411 /* CREATE NEW */ = {
			isa = PBXGroup;
			children = (
				76EC1AEB2493DC3E0078BA57 /* NewEmployeeViewController.swift */,
			);
			path = "CREATE NEW";
			sourceTree = "<group>";
		};
		76874BCE24950C38001A3411 /* EMPLOYEE LIST */ = {
			isa = PBXGroup;
			children = (
				76EC1AF52493ED910078BA57 /* EmployeeDetailListViewController.swift */,
				76EC1AF12493E97E0078BA57 /* EmployeeDetailListTableViewCell.swift */,
				7617C7292495FDD9009E8D59 /* EmployeeListModal.swift */,
				76874BCF24950C4B001A3411 /* VIEW EMPLOYEE */,
				76874BD024950C5A001A3411 /* VIEW ID CARD */,
			);
			path = "EMPLOYEE LIST";
			sourceTree = "<group>";
		};
		76874BCF24950C4B001A3411 /* VIEW EMPLOYEE */ = {
			isa = PBXGroup;
			children = (
				760EA3CD2494881000047710 /* EmployeeDetailsViewController.swift */,
			);
			path = "VIEW EMPLOYEE";
			sourceTree = "<group>";
		};
		76874BD024950C5A001A3411 /* VIEW ID CARD */ = {
			isa = PBXGroup;
			children = (
				760EA3CF2494892400047710 /* NewIdCardViewController.swift */,
			);
			path = "VIEW ID CARD";
			sourceTree = "<group>";
		};
		76874BD124950CB2001A3411 /* DATABASE */ = {
			isa = PBXGroup;
			children = (
				76150E842495182300087F9E /* EmployeeList.swift */,
				7617C7272495EAF4009E8D59 /* SecurityCertificateManager.swift */,
				76874BD224950CE2001A3411 /* EmployeeDatabase.swift */,
			);
			path = DATABASE;
			sourceTree = "<group>";
		};
/* End PBXGroup section */

/* Begin PBXNativeTarget section */
		761AB11E2493A86500AAE105 /* EmployeeList */ = {
			isa = PBXNativeTarget;
			buildConfigurationList = 761AB1332493A86A00AAE105 /* Build configuration list for PBXNativeTarget "EmployeeList" */;
			buildPhases = (
				D7EE0BA45442F8848BD52FA0 /* [CP] Check Pods Manifest.lock */,
				761AB11B2493A86500AAE105 /* Sources */,
				761AB11C2493A86500AAE105 /* Frameworks */,
				761AB11D2493A86500AAE105 /* Resources */,
				F3DBD86F5E7DC17486F66599 /* [CP] Copy Pods Resources */,
			);
			buildRules = (
			);
			dependencies = (
			);
			name = EmployeeList;
			productName = EmployeeList;
			productReference = 761AB11F2493A86500AAE105 /* EmployeeList.app */;
			productType = "com.apple.product-type.application";
		};
/* End PBXNativeTarget section */

/* Begin PBXProject section */
		761AB1172493A86500AAE105 /* Project object */ = {
			isa = PBXProject;
			attributes = {
				LastSwiftUpdateCheck = 1130;
				LastUpgradeCheck = 1130;
				ORGANIZATIONNAME = KGISL;
				TargetAttributes = {
					761AB11E2493A86500AAE105 = {
						CreatedOnToolsVersion = 11.3.1;
					};
				};
			};
			buildConfigurationList = 761AB11A2493A86500AAE105 /* Build configuration list for PBXProject "EmployeeList" */;
			compatibilityVersion = "Xcode 9.3";
			developmentRegion = en;
			hasScannedForEncodings = 0;
			knownRegions = (
				en,
				Base,
			);
			mainGroup = 761AB1162493A86500AAE105;
			productRefGroup = 761AB1202493A86500AAE105 /* Products */;
			projectDirPath = "";
			projectRoot = "";
			targets = (
				761AB11E2493A86500AAE105 /* EmployeeList */,
			);
		};
/* End PBXProject section */

/* Begin PBXResourcesBuildPhase section */
		761AB11D2493A86500AAE105 /* Resources */ = {
			isa = PBXResourcesBuildPhase;
			buildActionMask = 2147483647;
			files = (
				761AB12F2493A86A00AAE105 /* LaunchScreen.storyboard in Resources */,
				761AB12C2493A86A00AAE105 /* Assets.xcassets in Resources */,
				76EC1AF42493E97E0078BA57 /* EmployeeDetailListTableViewCell.xib in Resources */,
				761AB12A2493A86500AAE105 /* Main.storyboard in Resources */,
			);
			runOnlyForDeploymentPostprocessing = 0;
		};
/* End PBXResourcesBuildPhase section */

/* Begin PBXShellScriptBuildPhase section */
		D7EE0BA45442F8848BD52FA0 /* [CP] Check Pods Manifest.lock */ = {
			isa = PBXShellScriptBuildPhase;
			buildActionMask = 2147483647;
			files = (
			);
			inputFileListPaths = (
			);
			inputPaths = (
				"${PODS_PODFILE_DIR_PATH}/Podfile.lock",
				"${PODS_ROOT}/Manifest.lock",
			);
			name = "[CP] Check Pods Manifest.lock";
			outputFileListPaths = (
			);
			outputPaths = (
				"$(DERIVED_FILE_DIR)/Pods-EmployeeList-checkManifestLockResult.txt",
			);
			runOnlyForDeploymentPostprocessing = 0;
			shellPath = /bin/sh;
			shellScript = "diff \"${PODS_PODFILE_DIR_PATH}/Podfile.lock\" \"${PODS_ROOT}/Manifest.lock\" > /dev/null\nif [ $? != 0 ] ; then\n    # print error to STDERR\n    echo \"error: The sandbox is not in sync with the Podfile.lock. Run 'pod install' or update your CocoaPods installation.\" >&2\n    exit 1\nfi\n# This output is used by Xcode 'outputs' to avoid re-running this script phase.\necho \"SUCCESS\" > \"${SCRIPT_OUTPUT_FILE_0}\"\n";
			showEnvVarsInLog = 0;
		};
		F3DBD86F5E7DC17486F66599 /* [CP] Copy Pods Resources */ = {
			isa = PBXShellScriptBuildPhase;
			buildActionMask = 2147483647;
			files = (
			);
			inputFileListPaths = (
				"${PODS_ROOT}/Target Support Files/Pods-EmployeeList/Pods-EmployeeList-resources-${CONFIGURATION}-input-files.xcfilelist",
			);
			name = "[CP] Copy Pods Resources";
			outputFileListPaths = (
				"${PODS_ROOT}/Target Support Files/Pods-EmployeeList/Pods-EmployeeList-resources-${CONFIGURATION}-output-files.xcfilelist",
			);
			runOnlyForDeploymentPostprocessing = 0;
			shellPath = /bin/sh;
			shellScript = "\"${PODS_ROOT}/Target Support Files/Pods-EmployeeList/Pods-EmployeeList-resources.sh\"\n";
			showEnvVarsInLog = 0;
		};
/* End PBXShellScriptBuildPhase section */

/* Begin PBXSourcesBuildPhase section */
		761AB11B2493A86500AAE105 /* Sources */ = {
			isa = PBXSourcesBuildPhase;
			buildActionMask = 2147483647;
			files = (
				761AB1392493BA9600AAE105 /* CornerRadiusView.swift in Sources */,
				7617C72A2495FDD9009E8D59 /* EmployeeListModal.swift in Sources */,
				76150E852495182300087F9E /* EmployeeList.swift in Sources */,
				761AB1232493A86500AAE105 /* AppDelegate.swift in Sources */,
				76EC1AF32493E97E0078BA57 /* EmployeeDetailListTableViewCell.swift in Sources */,
				760EA3CE2494881000047710 /* EmployeeDetailsViewController.swift in Sources */,
				761AB1372493AE9800AAE105 /* CardView.swift in Sources */,
				761AB1252493A86500AAE105 /* SceneDelegate.swift in Sources */,
				760EA3D02494892400047710 /* NewIdCardViewController.swift in Sources */,
				76EC1AEC2493DC3E0078BA57 /* NewEmployeeViewController.swift in Sources */,
				76874BD324950CE2001A3411 /* EmployeeDatabase.swift in Sources */,
				7617C7282495EAF5009E8D59 /* SecurityCertificateManager.swift in Sources */,
				76EC1AEE2493E0F60078BA57 /* HomeViewController.swift in Sources */,
				76EC1AF62493ED910078BA57 /* EmployeeDetailListViewController.swift in Sources */,
			);
			runOnlyForDeploymentPostprocessing = 0;
		};
/* End PBXSourcesBuildPhase section */

/* Begin PBXVariantGroup section */
		761AB1282493A86500AAE105 /* Main.storyboard */ = {
			isa = PBXVariantGroup;
			children = (
				761AB1292493A86500AAE105 /* Base */,
			);
			name = Main.storyboard;
			sourceTree = "<group>";
		};
		761AB12D2493A86A00AAE105 /* LaunchScreen.storyboard */ = {
			isa = PBXVariantGroup;
			children = (
				761AB12E2493A86A00AAE105 /* Base */,
			);
			name = LaunchScreen.storyboard;
			sourceTree = "<group>";
		};
/* End PBXVariantGroup section */

/* Begin XCBuildConfiguration section */
		761AB1312493A86A00AAE105 /* Debug */ = {
			isa = XCBuildConfiguration;
			buildSettings = {
				ALWAYS_SEARCH_USER_PATHS = NO;
				CLANG_ANALYZER_NONNULL = YES;
				CLANG_ANALYZER_NUMBER_OBJECT_CONVERSION = YES_AGGRESSIVE;
				CLANG_CXX_LANGUAGE_STANDARD = "gnu++14";
				CLANG_CXX_LIBRARY = "libc++";
				CLANG_ENABLE_MODULES = YES;
				CLANG_ENABLE_OBJC_ARC = YES;
				CLANG_ENABLE_OBJC_WEAK = YES;
				CLANG_WARN_BLOCK_CAPTURE_AUTORELEASING = YES;
				CLANG_WARN_BOOL_CONVERSION = YES;
				CLANG_WARN_COMMA = YES;
				CLANG_WARN_CONSTANT_CONVERSION = YES;
				CLANG_WARN_DEPRECATED_OBJC_IMPLEMENTATIONS = YES;
				CLANG_WARN_DIRECT_OBJC_ISA_USAGE = YES_ERROR;
				CLANG_WARN_DOCUMENTATION_COMMENTS = YES;
				CLANG_WARN_EMPTY_BODY = YES;
				CLANG_WARN_ENUM_CONVERSION = YES;
				CLANG_WARN_INFINITE_RECURSION = YES;
				CLANG_WARN_INT_CONVERSION = YES;
				CLANG_WARN_NON_LITERAL_NULL_CONVERSION = YES;
				CLANG_WARN_OBJC_IMPLICIT_RETAIN_SELF = YES;
				CLANG_WARN_OBJC_LITERAL_CONVERSION = YES;
				CLANG_WARN_OBJC_ROOT_CLASS = YES_ERROR;
				CLANG_WARN_RANGE_LOOP_ANALYSIS = YES;
				CLANG_WARN_STRICT_PROTOTYPES = YES;
				CLANG_WARN_SUSPICIOUS_MOVE = YES;
				CLANG_WARN_UNGUARDED_AVAILABILITY = YES_AGGRESSIVE;
				CLANG_WARN_UNREACHABLE_CODE = YES;
				CLANG_WARN__DUPLICATE_METHOD_MATCH = YES;
				COPY_PHASE_STRIP = NO;
				DEBUG_INFORMATION_FORMAT = dwarf;
				ENABLE_STRICT_OBJC_MSGSEND = YES;
				ENABLE_TESTABILITY = YES;
				GCC_C_LANGUAGE_STANDARD = gnu11;
				GCC_DYNAMIC_NO_PIC = NO;
				GCC_NO_COMMON_BLOCKS = YES;
				GCC_OPTIMIZATION_LEVEL = 0;
				GCC_PREPROCESSOR_DEFINITIONS = (
					"DEBUG=1",
					"$(inherited)",
				);
				GCC_WARN_64_TO_32_BIT_CONVERSION = YES;
				GCC_WARN_ABOUT_RETURN_TYPE = YES_ERROR;
				GCC_WARN_UNDECLARED_SELECTOR = YES;
				GCC_WARN_UNINITIALIZED_AUTOS = YES_AGGRESSIVE;
				GCC_WARN_UNUSED_FUNCTION = YES;
				GCC_WARN_UNUSED_VARIABLE = YES;
				IPHONEOS_DEPLOYMENT_TARGET = 13.2;
				MTL_ENABLE_DEBUG_INFO = INCLUDE_SOURCE;
				MTL_FAST_MATH = YES;
				ONLY_ACTIVE_ARCH = YES;
				SDKROOT = iphoneos;
				SWIFT_ACTIVE_COMPILATION_CONDITIONS = DEBUG;
				SWIFT_OPTIMIZATION_LEVEL = "-Onone";
			};
			name = Debug;
		};
		761AB1322493A86A00AAE105 /* Release */ = {
			isa = XCBuildConfiguration;
			buildSettings = {
				ALWAYS_SEARCH_USER_PATHS = NO;
				CLANG_ANALYZER_NONNULL = YES;
				CLANG_ANALYZER_NUMBER_OBJECT_CONVERSION = YES_AGGRESSIVE;
				CLANG_CXX_LANGUAGE_STANDARD = "gnu++14";
				CLANG_CXX_LIBRARY = "libc++";
				CLANG_ENABLE_MODULES = YES;
				CLANG_ENABLE_OBJC_ARC = YES;
				CLANG_ENABLE_OBJC_WEAK = YES;
				CLANG_WARN_BLOCK_CAPTURE_AUTORELEASING = YES;
				CLANG_WARN_BOOL_CONVERSION = YES;
				CLANG_WARN_COMMA = YES;
				CLANG_WARN_CONSTANT_CONVERSION = YES;
				CLANG_WARN_DEPRECATED_OBJC_IMPLEMENTATIONS = YES;
				CLANG_WARN_DIRECT_OBJC_ISA_USAGE = YES_ERROR;
				CLANG_WARN_DOCUMENTATION_COMMENTS = YES;
				CLANG_WARN_EMPTY_BODY = YES;
				CLANG_WARN_ENUM_CONVERSION = YES;
				CLANG_WARN_INFINITE_RECURSION = YES;
				CLANG_WARN_INT_CONVERSION = YES;
				CLANG_WARN_NON_LITERAL_NULL_CONVERSION = YES;
				CLANG_WARN_OBJC_IMPLICIT_RETAIN_SELF = YES;
				CLANG_WARN_OBJC_LITERAL_CONVERSION = YES;
				CLANG_WARN_OBJC_ROOT_CLASS = YES_ERROR;
				CLANG_WARN_RANGE_LOOP_ANALYSIS = YES;
				CLANG_WARN_STRICT_PROTOTYPES = YES;
				CLANG_WARN_SUSPICIOUS_MOVE = YES;
				CLANG_WARN_UNGUARDED_AVAILABILITY = YES_AGGRESSIVE;
				CLANG_WARN_UNREACHABLE_CODE = YES;
				CLANG_WARN__DUPLICATE_METHOD_MATCH = YES;
				COPY_PHASE_STRIP = NO;
				DEBUG_INFORMATION_FORMAT = "dwarf-with-dsym";
				ENABLE_NS_ASSERTIONS = NO;
				ENABLE_STRICT_OBJC_MSGSEND = YES;
				GCC_C_LANGUAGE_STANDARD = gnu11;
				GCC_NO_COMMON_BLOCKS = YES;
				GCC_WARN_64_TO_32_BIT_CONVERSION = YES;
				GCC_WARN_ABOUT_RETURN_TYPE = YES_ERROR;
				GCC_WARN_UNDECLARED_SELECTOR = YES;
				GCC_WARN_UNINITIALIZED_AUTOS = YES_AGGRESSIVE;
				GCC_WARN_UNUSED_FUNCTION = YES;
				GCC_WARN_UNUSED_VARIABLE = YES;
				IPHONEOS_DEPLOYMENT_TARGET = 13.2;
				MTL_ENABLE_DEBUG_INFO = NO;
				MTL_FAST_MATH = YES;
				SDKROOT = iphoneos;
				SWIFT_COMPILATION_MODE = wholemodule;
				SWIFT_OPTIMIZATION_LEVEL = "-O";
				VALIDATE_PRODUCT = YES;
			};
			name = Release;
		};
		761AB1342493A86A00AAE105 /* Debug */ = {
			isa = XCBuildConfiguration;
			baseConfigurationReference = 2E05692547E1B337B0FB6292 /* Pods-EmployeeList.debug.xcconfig */;
			buildSettings = {
				ASSETCATALOG_COMPILER_APPICON_NAME = AppIcon;
				CODE_SIGN_STYLE = Automatic;
				DEVELOPMENT_TEAM = DQBKDSEC3A;
				INFOPLIST_FILE = EmployeeList/Info.plist;
				IPHONEOS_DEPLOYMENT_TARGET = 9.0;
				LD_RUNPATH_SEARCH_PATHS = (
					"$(inherited)",
					"@executable_path/Frameworks",
				);
				PRODUCT_BUNDLE_IDENTIFIER = com.kgisl.EmployeeList;
				PRODUCT_NAME = "$(TARGET_NAME)";
				SWIFT_VERSION = 5.0;
				TARGETED_DEVICE_FAMILY = "1,2";
			};
			name = Debug;
		};
		761AB1352493A86A00AAE105 /* Release */ = {
			isa = XCBuildConfiguration;
			baseConfigurationReference = 95005D5C36B7D48609FD25F3 /* Pods-EmployeeList.release.xcconfig */;
			buildSettings = {
				ASSETCATALOG_COMPILER_APPICON_NAME = AppIcon;
				CODE_SIGN_STYLE = Automatic;
				DEVELOPMENT_TEAM = DQBKDSEC3A;
				INFOPLIST_FILE = EmployeeList/Info.plist;
				IPHONEOS_DEPLOYMENT_TARGET = 9.0;
				LD_RUNPATH_SEARCH_PATHS = (
					"$(inherited)",
					"@executable_path/Frameworks",
				);
				PRODUCT_BUNDLE_IDENTIFIER = com.kgisl.EmployeeList;
				PRODUCT_NAME = "$(TARGET_NAME)";
				SWIFT_VERSION = 5.0;
				TARGETED_DEVICE_FAMILY = "1,2";
			};
			name = Release;
		};
/* End XCBuildConfiguration section */

/* Begin XCConfigurationList section */
		761AB11A2493A86500AAE105 /* Build configuration list for PBXProject "EmployeeList" */ = {
			isa = XCConfigurationList;
			buildConfigurations = (
				761AB1312493A86A00AAE105 /* Debug */,
				761AB1322493A86A00AAE105 /* Release */,
			);
			defaultConfigurationIsVisible = 0;
			defaultConfigurationName = Release;
		};
		761AB1332493A86A00AAE105 /* Build configuration list for PBXNativeTarget "EmployeeList" */ = {
			isa = XCConfigurationList;
			buildConfigurations = (
				761AB1342493A86A00AAE105 /* Debug */,
				761AB1352493A86A00AAE105 /* Release */,
			);
			defaultConfigurationIsVisible = 0;
			defaultConfigurationName = Release;
		};
/* End XCConfigurationList section */
	};
	rootObject = 761AB1172493A86500AAE105 /* Project object */;
}
